{
  "originHash" : "7d5d02c4b0a536564c6dd8491c6fd70c2b3dc9a83f2f8b8767c4d09dadc5b338",
  "pins" : [
    {
      "identity" : "alamofire",
      "kind" : "remoteSourceControl",
      "location" : "https://github.com/Alamofire/Alamofire.git",
      "state" : {
        "revision" : "7595cbcf59809f9977c5f6378500de2ad73b7ddb",
        "version" : "5.12.0"
      }
    },
    {
      "identity" : "ios-maps-sdk",
      "kind" : "remoteSourceControl",
      "location" : "https://github.com/googlemaps/ios-maps-sdk",
      "state" : {
        "revision" : "a951b24ac0ca7720f87d4be3d5bd539552d13882",
        "version" : "10.15.0"
      }
    }
  ],
  "version" : 3
}
